
Microsoft Visual Studio Solution File, Format Version 12.00
# Visual Studio 15
VisualStudioVersion = 15.0.28307.421
MinimumVisualStudioVersion = 10.0.40219.1
Project("{FAE04EC0-301F-11D3-BF4B-00C04F79EFBC}") = "WinTools", "WinTools\WinTools.csproj", "{3A5177D1-2324-4B84-8F97-7620B0F0A99C}"
EndProject
Global
	GlobalSection(SolutionConfigurationPlatforms) = preSolution
		Debug|Any CPU = Debug|Any CPU
		Release|Any CPU = Release|Any CPU
	EndGlobalSection
	GlobalSection(ProjectConfigurationPlatforms) = postSolution
		{3A5177D1-2324-4B84-8F97-7620B0F0A99C}.Debug|Any CPU.ActiveCfg = Debug|Any CPU
		{3A5177D1-2324-4B84-8F97-7620B0F0A99C}.Debug|Any CPU.Build.0 = Debug|Any CPU
		{3A5177D1-2324-4B84-8F97-7620B0F0A99C}.Release|Any CPU.ActiveCfg = Release|Any CPU
		{3A5177D1-2324-4B84-8F97-7620B0F0A99C}.Release|Any CPU.Build.0 = Release|Any CPU
	EndGlobalSection
	GlobalSection(SolutionProperties) = preSolution
		HideSolutionNode = FALSE
	EndGlobalSection
	GlobalSection(ExtensibilityGlobals) = postSolution
		SolutionGuid = {79BBE329-5DC7-40B2-8F61-16BEF3E5C95A}
	EndGlobalSection
EndGlobal
